# THIS IS AN AUTOGENERATED FILE. DO NOT EDIT THIS FILE DIRECTLY.
# yarn lockfile v1


"@babel/runtime@^7.3.4":
  version "7.4.2"
  resolved "https://registry.yarnpkg.com/@babel/runtime/-/runtime-7.4.2.tgz#f5ab6897320f16decd855eed70b705908a313fe8"
  integrity sha512-7Bl2rALb7HpvXFL7TETNzKSAeBVCPHELzc0C//9FCxN8nsiueWSJBqaF+2oIJScyILStASR/Cx5WMkXGYTiJFA==
  dependencies:
    regenerator-runtime "^0.13.2"

"@types/node@^11.9.5":
  version "11.11.7"
  resolved "https://registry.yarnpkg.com/@types/node/-/node-11.11.7.tgz#f1c35a906b82adae76ede5ab0d2088e58fa37843"
  integrity sha512-bHbRcyD6XpXVLg42QYaQCjvDXaCFkvb3WbCIxSDmhGbJYVroxvYzekk9QGg1beeIawfvSLkdZpP0h7jxE4ihnA==

"@types/yaml@^1.0.2":
  version "1.0.2"
  resolved "https://registry.yarnpkg.com/@types/yaml/-/yaml-1.0.2.tgz#bba080d64714c6ef3eaa023e235dacd2cfa3c938"
  integrity sha512-rS1VJFjyGKNHk8H97COnPIK+oeLnc0J9G0ES63o/Ky+WlJCeaFGiGCTGhV/GEVKua7ZWIV1JIDopYUwrfvTo7A==

dayjs@^1.8.6:
  version "1.8.11"
  resolved "https://registry.yarnpkg.com/dayjs/-/dayjs-1.8.11.tgz#1e0e681c9f1b6668d92dfe71289500ae0990529d"
  integrity sha512-eBvWmKn52ax/TBYg7f+tzzqARPl0D0/NUmf5QrZ0Pp+/vFoTP3Q7y4t6p438+5NPN+t8y8Sps3Ed34OV8sNFBQ==

regenerator-runtime@^0.13.2:
  version "0.13.2"
  resolved "https://registry.yarnpkg.com/regenerator-runtime/-/regenerator-runtime-0.13.2.tgz#32e59c9a6fb9b1a4aff09b4930ca2d4477343447"
  integrity sha512-S/TQAZJO+D3m9xeN1WTI8dLKBBiRgXBlTJvbWjCThHWZj9EvHK70Ff50/tYj2J/fvBY6JtFVwRuazHN2E7M9BA==

typescript@^3.3.3333:
  version "3.3.4000"
  resolved "https://registry.yarnpkg.com/typescript/-/typescript-3.3.4000.tgz#76b0f89cfdbf97827e1112d64f283f1151d6adf0"
  integrity sha512-jjOcCZvpkl2+z7JFn0yBOoLQyLoIkNZAs/fYJkUG6VKy6zLPHJGfQJYFHzibB6GJaF/8QrcECtlQ5cpvRHSMEA==

white-log4js@^3.0.0:
  version "3.0.0"
  resolved "https://registry.yarnpkg.com/white-log4js/-/white-log4js-3.0.0.tgz#6d84034e86eb2a3b46906fb31f591e5a9464753b"
  integrity sha512-dbhI5xDgnBpTgI4WfRGkPpJ3kCcbwedsYUAB87HGNIlX8jt7IWCPUwpp82+lBm/3QI5GqCiPW9bNApPhoLwOCw==
  dependencies:
    "@types/node" "^11.9.5"
    dayjs "^1.8.6"

yaml@^1.4.0:
  version "1.4.0"
  resolved "https://registry.yarnpkg.com/yaml/-/yaml-1.4.0.tgz#b729a3ef7e35bdc5ece8f28900e20a9b41510fc3"
  integrity sha512-rzU83hGJrNgyT7OE2mP/SILeZxEMRJ0mza0n4KFtkNL1aXUZ79ZgZ5pIH56yT6LiqujcAs/Rqzp0ApvvNYfUfw==
  dependencies:
    "@babel/runtime" "^7.3.4"
